// !$*UTF8*$!
{
	archiveVersion = 1;
	classes = {
	};
	objectVersion = 51;
	objects = {

/* Begin PBXBuildFile section */
		010D53F02565486700110595 /* EventsCell.swift in Sources */ = {isa = PBXBuildFile; fileRef = 010D53EF2565486700110595 /* EventsCell.swift */; };
		010F96B0260108B60052C48E /* AutoserchTimer.swift in Sources */ = {isa = PBXBuildFile; fileRef = 010F96AF260108B60052C48E /* AutoserchTimer.swift */; };
		0112857E256D6E2A00C9557A /* LocationManager.swift in Sources */ = {isa = PBXBuildFile; fileRef = 0112857D256D6E2A00C9557A /* LocationManager.swift */; };
		011A2087256BA6F8008E456B /* WebViewController.swift in Sources */ = {isa = PBXBuildFile; fileRef = 011A2086256BA6F8008E456B /* WebViewController.swift */; };
		012DF4E1255EE78F005D6D15 /* EventsViewController.swift in Sources */ = {isa = PBXBuildFile; fileRef = 012DF4E0255EE78F005D6D15 /* EventsViewController.swift */; };
		013D031E255AADB1005AE518 /* FavoriteArtists.swift in Sources */ = {isa = PBXBuildFile; fileRef = 013D031D255AADB1005AE518 /* FavoriteArtists.swift */; };
		0142FE9725592EE70041672E /* FavoriteArtistViewController.swift in Sources */ = {isa = PBXBuildFile; fileRef = 0142FE9625592EE70041672E /* FavoriteArtistViewController.swift */; };
		0142FE992559370A0041672E /* FavoriteCell.swift in Sources */ = {isa = PBXBuildFile; fileRef = 0142FE982559370A0041672E /* FavoriteCell.swift */; };
		0142FE9B25596B4E0041672E /* UIButton+extension.swift in Sources */ = {isa = PBXBuildFile; fileRef = 0142FE9A25596B4E0041672E /* UIButton+extension.swift */; };
		0142FE9E255976AE0041672E /* EventModel.swift in Sources */ = {isa = PBXBuildFile; fileRef = 0142FE9D255976AE0041672E /* EventModel.swift */; };
		01689D852563DF430054129D /* CustomTapGesture.swift in Sources */ = {isa = PBXBuildFile; fileRef = 01689D842563DF430054129D /* CustomTapGesture.swift */; };
		0196A7C425DED69700329FEB /* StackView+extancion.swift in Sources */ = {isa = PBXBuildFile; fileRef = 0196A7C325DED69700329FEB /* StackView+extancion.swift */; };
		01978DDF25558DB500CA17FD /* AppDelegate.swift in Sources */ = {isa = PBXBuildFile; fileRef = 01978DDE25558DB500CA17FD /* AppDelegate.swift */; };
		01978DE625558DB500CA17FD /* Main.storyboard in Resources */ = {isa = PBXBuildFile; fileRef = 01978DE425558DB500CA17FD /* Main.storyboard */; };
		01978DE825558DB700CA17FD /* Assets.xcassets in Resources */ = {isa = PBXBuildFile; fileRef = 01978DE725558DB700CA17FD /* Assets.xcassets */; };
		01978DEB25558DB700CA17FD /* LaunchScreen.storyboard in Resources */ = {isa = PBXBuildFile; fileRef = 01978DE925558DB700CA17FD /* LaunchScreen.storyboard */; };
		01978DF9255595CD00CA17FD /* ArtistModel.swift in Sources */ = {isa = PBXBuildFile; fileRef = 01978DF8255595CD00CA17FD /* ArtistModel.swift */; };
		01978DFF255599FD00CA17FD /* NetworkServices.swift in Sources */ = {isa = PBXBuildFile; fileRef = 01978DFE255599FD00CA17FD /* NetworkServices.swift */; };
		01978E0125559A3F00CA17FD /* CurrentArtist.swift in Sources */ = {isa = PBXBuildFile; fileRef = 01978E0025559A3F00CA17FD /* CurrentArtist.swift */; };
		01E7BEA3257E19E80058A9CE /* MapEventsViewController.swift in Sources */ = {isa = PBXBuildFile; fileRef = 01E7BEA2257E19E80058A9CE /* MapEventsViewController.swift */; };
		01EE093D261E13FD001C330C /* ParsingService.swift in Sources */ = {isa = PBXBuildFile; fileRef = 01EE093C261E13FD001C330C /* ParsingService.swift */; };
		01EE093F261E150B001C330C /* GlobalConstants.swift in Sources */ = {isa = PBXBuildFile; fileRef = 01EE093E261E150B001C330C /* GlobalConstants.swift */; };
		01F029B3259F85B8004AB24F /* SearchViewController.swift in Sources */ = {isa = PBXBuildFile; fileRef = 01F029B2259F85B8004AB24F /* SearchViewController.swift */; };
		156961595B3B333F72A02D1E /* Pods_Artists.framework in Frameworks */ = {isa = PBXBuildFile; fileRef = 6CF977FC7C093542802B9017 /* Pods_Artists.framework */; };
/* End PBXBuildFile section */

/* Begin PBXFileReference section */
		010D53EF2565486700110595 /* EventsCell.swift */ = {isa = PBXFileReference; lastKnownFileType = sourcecode.swift; path = EventsCell.swift; sourceTree = "<group>"; };
		010F96AF260108B60052C48E /* AutoserchTimer.swift */ = {isa = PBXFileReference; lastKnownFileType = sourcecode.swift; path = AutoserchTimer.swift; sourceTree = "<group>"; };
		0112857D256D6E2A00C9557A /* LocationManager.swift */ = {isa = PBXFileReference; lastKnownFileType = sourcecode.swift; path = LocationManager.swift; sourceTree = "<group>"; };
		011A2086256BA6F8008E456B /* WebViewController.swift */ = {isa = PBXFileReference; lastKnownFileType = sourcecode.swift; path = WebViewController.swift; sourceTree = "<group>"; };
		012DF4E0255EE78F005D6D15 /* EventsViewController.swift */ = {isa = PBXFileReference; lastKnownFileType = sourcecode.swift; path = EventsViewController.swift; sourceTree = "<group>"; };
		013D031D255AADB1005AE518 /* FavoriteArtists.swift */ = {isa = PBXFileReference; lastKnownFileType = sourcecode.swift; path = FavoriteArtists.swift; sourceTree = "<group>"; };
		0142FE9625592EE70041672E /* FavoriteArtistViewController.swift */ = {isa = PBXFileReference; lastKnownFileType = sourcecode.swift; path = FavoriteArtistViewController.swift; sourceTree = "<group>"; };
		0142FE982559370A0041672E /* FavoriteCell.swift */ = {isa = PBXFileReference; lastKnownFileType = sourcecode.swift; path = FavoriteCell.swift; sourceTree = "<group>"; };
		0142FE9A25596B4E0041672E /* UIButton+extension.swift */ = {isa = PBXFileReference; lastKnownFileType = sourcecode.swift; path = "UIButton+extension.swift"; sourceTree = "<group>"; };
		0142FE9D255976AE0041672E /* EventModel.swift */ = {isa = PBXFileReference; lastKnownFileType = sourcecode.swift; path = EventModel.swift; sourceTree = "<group>"; };
		01689D842563DF430054129D /* CustomTapGesture.swift */ = {isa = PBXFileReference; lastKnownFileType = sourcecode.swift; path = CustomTapGesture.swift; sourceTree = "<group>"; };
		0196A7C325DED69700329FEB /* StackView+extancion.swift */ = {isa = PBXFileReference; lastKnownFileType = sourcecode.swift; path = "StackView+extancion.swift"; sourceTree = "<group>"; };
		01978DDB25558DB500CA17FD /* Artists.app */ = {isa = PBXFileReference; explicitFileType = wrapper.application; includeInIndex = 0; path = Artists.app; sourceTree = BUILT_PRODUCTS_DIR; };
		01978DDE25558DB500CA17FD /* AppDelegate.swift */ = {isa = PBXFileReference; lastKnownFileType = sourcecode.swift; path = AppDelegate.swift; sourceTree = "<group>"; };
		01978DE525558DB500CA17FD /* Base */ = {isa = PBXFileReference; lastKnownFileType = file.storyboard; name = Base; path = Base.lproj/Main.storyboard; sourceTree = "<group>"; };
		01978DE725558DB700CA17FD /* Assets.xcassets */ = {isa = PBXFileReference; lastKnownFileType = folder.assetcatalog; path = Assets.xcassets; sourceTree = "<group>"; };
		01978DEA25558DB700CA17FD /* Base */ = {isa = PBXFileReference; lastKnownFileType = file.storyboard; name = Base; path = Base.lproj/LaunchScreen.storyboard; sourceTree = "<group>"; };
		01978DEC25558DB700CA17FD /* Info.plist */ = {isa = PBXFileReference; lastKnownFileType = text.plist.xml; path = Info.plist; sourceTree = "<group>"; };
		01978DF8255595CD00CA17FD /* ArtistModel.swift */ = {isa = PBXFileReference; lastKnownFileType = sourcecode.swift; path = ArtistModel.swift; sourceTree = "<group>"; };
		01978DFE255599FD00CA17FD /* NetworkServices.swift */ = {isa = PBXFileReference; lastKnownFileType = sourcecode.swift; path = NetworkServices.swift; sourceTree = "<group>"; };
		01978E0025559A3F00CA17FD /* CurrentArtist.swift */ = {isa = PBXFileReference; lastKnownFileType = sourcecode.swift; path = CurrentArtist.swift; sourceTree = "<group>"; };
		01E7BEA2257E19E80058A9CE /* MapEventsViewController.swift */ = {isa = PBXFileReference; lastKnownFileType = sourcecode.swift; path = MapEventsViewController.swift; sourceTree = "<group>"; };
		01EE093C261E13FD001C330C /* ParsingService.swift */ = {isa = PBXFileReference; lastKnownFileType = sourcecode.swift; path = ParsingService.swift; sourceTree = "<group>"; };
		01EE093E261E150B001C330C /* GlobalConstants.swift */ = {isa = PBXFileReference; lastKnownFileType = sourcecode.swift; path = GlobalConstants.swift; sourceTree = "<group>"; };
		01F029B2259F85B8004AB24F /* SearchViewController.swift */ = {isa = PBXFileReference; lastKnownFileType = sourcecode.swift; path = SearchViewController.swift; sourceTree = "<group>"; };
		6CF977FC7C093542802B9017 /* Pods_Artists.framework */ = {isa = PBXFileReference; explicitFileType = wrapper.framework; includeInIndex = 0; path = Pods_Artists.framework; sourceTree = BUILT_PRODUCTS_DIR; };
		91868C16F9BFCD5035C6A826 /* Pods-Artists.debug.xcconfig */ = {isa = PBXFileReference; includeInIndex = 1; lastKnownFileType = text.xcconfig; name = "Pods-Artists.debug.xcconfig"; path = "Target Support Files/Pods-Artists/Pods-Artists.debug.xcconfig"; sourceTree = "<group>"; };
		A799E4FBA39A0BF87FEBC798 /* Pods-Artists.release.xcconfig */ = {isa = PBXFileReference; includeInIndex = 1; lastKnownFileType = text.xcconfig; name = "Pods-Artists.release.xcconfig"; path = "Target Support Files/Pods-Artists/Pods-Artists.release.xcconfig"; sourceTree = "<group>"; };
/* End PBXFileReference section */

/* Begin PBXFrameworksBuildPhase section */
		01978DD825558DB500CA17FD /* Frameworks */ = {
			isa = PBXFrameworksBuildPhase;
			buildActionMask = 2147483647;
			files = (
				156961595B3B333F72A02D1E /* Pods_Artists.framework in Frameworks */,
			);
			runOnlyForDeploymentPostprocessing = 0;
		};
/* End PBXFrameworksBuildPhase section */

/* Begin PBXGroup section */
		013D031A255A8C66005AE518 /* Protocols */ = {
			isa = PBXGroup;
			children = (
				01689D842563DF430054129D /* CustomTapGesture.swift */,
			);
			path = Protocols;
			sourceTree = "<group>";
		};
		0142FE9C255976960041672E /* Extension */ = {
			isa = PBXGroup;
			children = (
				0142FE9A25596B4E0041672E /* UIButton+extension.swift */,
				0196A7C325DED69700329FEB /* StackView+extancion.swift */,
			);
			path = Extension;
			sourceTree = "<group>";
		};
		017B6B0F25E15DEE0089B89D /* SearchViewController */ = {
			isa = PBXGroup;
			children = (
				01D84B252610E104009053D4 /* Controllers */,
				01D84B262610E115009053D4 /* AutosearchTimer */,
			);
			path = SearchViewController;
			sourceTree = "<group>";
		};
		017B6B1025E15E000089B89D /* FavoriteArtist */ = {
			isa = PBXGroup;
			children = (
				01D84B272610E12D009053D4 /* Controllers */,
				01D84B2C2610E15F009053D4 /* Cells */,
			);
			path = FavoriteArtist;
			sourceTree = "<group>";
		};
		017B6B1125E15E290089B89D /* EventViewController */ = {
			isa = PBXGroup;
			children = (
				01D84B282610E134009053D4 /* Controllers */,
				01D84B2B2610E14F009053D4 /* Cells */,
			);
			path = EventViewController;
			sourceTree = "<group>";
		};
		017B6B1225E15E5B0089B89D /* WebViewController */ = {
			isa = PBXGroup;
			children = (
				01D84B292610E13C009053D4 /* Controllers */,
			);
			path = WebViewController;
			sourceTree = "<group>";
		};
		017B6B1325E15E720089B89D /* MapViewController */ = {
			isa = PBXGroup;
			children = (
				01D84B2A2610E143009053D4 /* Controllers */,
			);
			path = MapViewController;
			sourceTree = "<group>";
		};
		017B6B1425E15EA70089B89D /* Resources */ = {
			isa = PBXGroup;
			children = (
				01978DE725558DB700CA17FD /* Assets.xcassets */,
			);
			path = Resources;
			sourceTree = "<group>";
		};
		017B6B1525E15ECB0089B89D /* SupportingFiles */ = {
			isa = PBXGroup;
			children = (
				01978DE925558DB700CA17FD /* LaunchScreen.storyboard */,
				01978DEC25558DB700CA17FD /* Info.plist */,
			);
			path = SupportingFiles;
			sourceTree = "<group>";
		};
		017B6B1625E15F1F0089B89D /* View */ = {
			isa = PBXGroup;
			children = (
				01978DE425558DB500CA17FD /* Main.storyboard */,
			);
			path = View;
			sourceTree = "<group>";
		};
		01978DD225558DB500CA17FD = {
			isa = PBXGroup;
			children = (
				01978DDD25558DB500CA17FD /* Artists */,
				01978DDC25558DB500CA17FD /* Products */,
				A89835019FD4CC0A8DA50DF0 /* Pods */,
				AB73F487A1E968AC5D97BCA1 /* Frameworks */,
			);
			sourceTree = "<group>";
		};
		01978DDC25558DB500CA17FD /* Products */ = {
			isa = PBXGroup;
			children = (
				01978DDB25558DB500CA17FD /* Artists.app */,
			);
			name = Products;
			sourceTree = "<group>";
		};
		01978DDD25558DB500CA17FD /* Artists */ = {
			isa = PBXGroup;
			children = (
				01D84B2D2610E185009053D4 /* ApplicationLayer */,
				01D84B2E2610E1B5009053D4 /* BusinessLayer */,
				01D84B2F2610E1FE009053D4 /* PresentationLayer */,
				017B6B1425E15EA70089B89D /* Resources */,
				017B6B1525E15ECB0089B89D /* SupportingFiles */,
			);
			path = Artists;
			sourceTree = "<group>";
		};
		01978DFB2555984300CA17FD /* Model */ = {
			isa = PBXGroup;
			children = (
				01978DF8255595CD00CA17FD /* ArtistModel.swift */,
				01978E0025559A3F00CA17FD /* CurrentArtist.swift */,
				0142FE9D255976AE0041672E /* EventModel.swift */,
				013D031D255AADB1005AE518 /* FavoriteArtists.swift */,
			);
			path = Model;
			sourceTree = "<group>";
		};
		01978DFC2555985100CA17FD /* ViewController */ = {
			isa = PBXGroup;
			children = (
				017B6B0F25E15DEE0089B89D /* SearchViewController */,
				017B6B1025E15E000089B89D /* FavoriteArtist */,
				017B6B1125E15E290089B89D /* EventViewController */,
				017B6B1225E15E5B0089B89D /* WebViewController */,
				017B6B1325E15E720089B89D /* MapViewController */,
			);
			path = ViewController;
			sourceTree = "<group>";
		};
		01978DFD255599CD00CA17FD /* Services */ = {
			isa = PBXGroup;
			children = (
				01978DFE255599FD00CA17FD /* NetworkServices.swift */,
				01EE093E261E150B001C330C /* GlobalConstants.swift */,
				01EE093C261E13FD001C330C /* ParsingService.swift */,
				0112857D256D6E2A00C9557A /* LocationManager.swift */,
			);
			path = Services;
			sourceTree = "<group>";
		};
		01D84B252610E104009053D4 /* Controllers */ = {
			isa = PBXGroup;
			children = (
				01F029B2259F85B8004AB24F /* SearchViewController.swift */,
			);
			path = Controllers;
			sourceTree = "<group>";
		};
		01D84B262610E115009053D4 /* AutosearchTimer */ = {
			isa = PBXGroup;
			children = (
				010F96AF260108B60052C48E /* AutoserchTimer.swift */,
			);
			path = AutosearchTimer;
			sourceTree = "<group>";
		};
		01D84B272610E12D009053D4 /* Controllers */ = {
			isa = PBXGroup;
			children = (
				0142FE9625592EE70041672E /* FavoriteArtistViewController.swift */,
			);
			path = Controllers;
			sourceTree = "<group>";
		};
		01D84B282610E134009053D4 /* Controllers */ = {
			isa = PBXGroup;
			children = (
				012DF4E0255EE78F005D6D15 /* EventsViewController.swift */,
			);
			path = Controllers;
			sourceTree = "<group>";
		};
		01D84B292610E13C009053D4 /* Controllers */ = {
			isa = PBXGroup;
			children = (
				011A2086256BA6F8008E456B /* WebViewController.swift */,
			);
			path = Controllers;
			sourceTree = "<group>";
		};
		01D84B2A2610E143009053D4 /* Controllers */ = {
			isa = PBXGroup;
			children = (
				01E7BEA2257E19E80058A9CE /* MapEventsViewController.swift */,
			);
			path = Controllers;
			sourceTree = "<group>";
		};
		01D84B2B2610E14F009053D4 /* Cells */ = {
			isa = PBXGroup;
			children = (
				010D53EF2565486700110595 /* EventsCell.swift */,
			);
			path = Cells;
			sourceTree = "<group>";
		};
		01D84B2C2610E15F009053D4 /* Cells */ = {
			isa = PBXGroup;
			children = (
				0142FE982559370A0041672E /* FavoriteCell.swift */,
			);
			path = Cells;
			sourceTree = "<group>";
		};
		01D84B2D2610E185009053D4 /* ApplicationLayer */ = {
			isa = PBXGroup;
			children = (
				01978DDE25558DB500CA17FD /* AppDelegate.swift */,
			);
			path = ApplicationLayer;
			sourceTree = "<group>";
		};
		01D84B2E2610E1B5009053D4 /* BusinessLayer */ = {
			isa = PBXGroup;
			children = (
				01978DFB2555984300CA17FD /* Model */,
				01978DFD255599CD00CA17FD /* Services */,
			);
			path = BusinessLayer;
			sourceTree = "<group>";
		};
		01D84B2F2610E1FE009053D4 /* PresentationLayer */ = {
			isa = PBXGroup;
			children = (
				01978DFC2555985100CA17FD /* ViewController */,
				017B6B1625E15F1F0089B89D /* View */,
				0142FE9C255976960041672E /* Extension */,
				013D031A255A8C66005AE518 /* Protocols */,
			);
			path = PresentationLayer;
			sourceTree = "<group>";
		};
		A89835019FD4CC0A8DA50DF0 /* Pods */ = {
			isa = PBXGroup;
			children = (
				91868C16F9BFCD5035C6A826 /* Pods-Artists.debug.xcconfig */,
				A799E4FBA39A0BF87FEBC798 /* Pods-Artists.release.xcconfig */,
			);
			path = Pods;
			sourceTree = "<group>";
		};
		AB73F487A1E968AC5D97BCA1 /* Frameworks */ = {
			isa = PBXGroup;
			children = (
				6CF977FC7C093542802B9017 /* Pods_Artists.framework */,
			);
			name = Frameworks;
			sourceTree = "<group>";
		};
/* End PBXGroup section */

/* Begin PBXNativeTarget section */
		01978DDA25558DB500CA17FD /* Artists */ = {
			isa = PBXNativeTarget;
			buildConfigurationList = 01978DEF25558DB700CA17FD /* Build configuration list for PBXNativeTarget "Artists" */;
			buildPhases = (
				CFB094943A1FA5293FD1C208 /* [CP] Check Pods Manifest.lock */,
				01978DD725558DB500CA17FD /* Sources */,
				01978DD825558DB500CA17FD /* Frameworks */,
				01978DD925558DB500CA17FD /* Resources */,
				D7D671C681490F7D8926ECAC /* [CP] Embed Pods Frameworks */,
			);
			buildRules = (
			);
			dependencies = (
			);
			name = Artists;
			productName = Artists;
			productReference = 01978DDB25558DB500CA17FD /* Artists.app */;
			productType = "com.apple.product-type.application";
		};
/* End PBXNativeTarget section */

/* Begin PBXProject section */
		01978DD325558DB500CA17FD /* Project object */ = {
			isa = PBXProject;
			attributes = {
				LastSwiftUpdateCheck = 1130;
				LastUpgradeCheck = 1130;
				ORGANIZATIONNAME = kris;
				TargetAttributes = {
					01978DDA25558DB500CA17FD = {
						CreatedOnToolsVersion = 11.3.1;
					};
				};
			};
			buildConfigurationList = 01978DD625558DB500CA17FD /* Build configuration list for PBXProject "Artists" */;
			compatibilityVersion = "Xcode 9.3";
			developmentRegion = en;
			hasScannedForEncodings = 0;
			knownRegions = (
				en,
				Base,
			);
			mainGroup = 01978DD225558DB500CA17FD;
			productRefGroup = 01978DDC25558DB500CA17FD /* Products */;
			projectDirPath = "";
			projectRoot = "";
			targets = (
				01978DDA25558DB500CA17FD /* Artists */,
			);
		};
/* End PBXProject section */

/* Begin PBXResourcesBuildPhase section */
		01978DD925558DB500CA17FD /* Resources */ = {
			isa = PBXResourcesBuildPhase;
			buildActionMask = 2147483647;
			files = (
				01978DEB25558DB700CA17FD /* LaunchScreen.storyboard in Resources */,
				01978DE825558DB700CA17FD /* Assets.xcassets in Resources */,
				01978DE625558DB500CA17FD /* Main.storyboard in Resources */,
			);
			runOnlyForDeploymentPostprocessing = 0;
		};
/* End PBXResourcesBuildPhase section */

/* Begin PBXShellScriptBuildPhase section */
		CFB094943A1FA5293FD1C208 /* [CP] Check Pods Manifest.lock */ = {
			isa = PBXShellScriptBuildPhase;
			buildActionMask = 2147483647;
			files = (
			);
			inputFileListPaths = (
			);
			inputPaths = (
				"${PODS_PODFILE_DIR_PATH}/Podfile.lock",
				"${PODS_ROOT}/Manifest.lock",
			);
			name = "[CP] Check Pods Manifest.lock";
			outputFileListPaths = (
			);
			outputPaths = (
				"$(DERIVED_FILE_DIR)/Pods-Artists-checkManifestLockResult.txt",
			);
			runOnlyForDeploymentPostprocessing = 0;
			shellPath = /bin/sh;
			shellScript = "diff \"${PODS_PODFILE_DIR_PATH}/Podfile.lock\" \"${PODS_ROOT}/Manifest.lock\" > /dev/null\nif [ $? != 0 ] ; then\n    # print error to STDERR\n    echo \"error: The sandbox is not in sync with the Podfile.lock. Run 'pod install' or update your CocoaPods installation.\" >&2\n    exit 1\nfi\n# This output is used by Xcode 'outputs' to avoid re-running this script phase.\necho \"SUCCESS\" > \"${SCRIPT_OUTPUT_FILE_0}\"\n";
			showEnvVarsInLog = 0;
		};
		D7D671C681490F7D8926ECAC /* [CP] Embed Pods Frameworks */ = {
			isa = PBXShellScriptBuildPhase;
			buildActionMask = 2147483647;
			files = (
			);
			inputFileListPaths = (
				"${PODS_ROOT}/Target Support Files/Pods-Artists/Pods-Artists-frameworks-${CONFIGURATION}-input-files.xcfilelist",
			);
			name = "[CP] Embed Pods Frameworks";
			outputFileListPaths = (
				"${PODS_ROOT}/Target Support Files/Pods-Artists/Pods-Artists-frameworks-${CONFIGURATION}-output-files.xcfilelist",
			);
			runOnlyForDeploymentPostprocessing = 0;
			shellPath = /bin/sh;
			shellScript = "\"${PODS_ROOT}/Target Support Files/Pods-Artists/Pods-Artists-frameworks.sh\"\n";
			showEnvVarsInLog = 0;
		};
/* End PBXShellScriptBuildPhase section */

/* Begin PBXSourcesBuildPhase section */
		01978DD725558DB500CA17FD /* Sources */ = {
			isa = PBXSourcesBuildPhase;
			buildActionMask = 2147483647;
			files = (
				010D53F02565486700110595 /* EventsCell.swift in Sources */,
				01EE093D261E13FD001C330C /* ParsingService.swift in Sources */,
				01EE093F261E150B001C330C /* GlobalConstants.swift in Sources */,
				0196A7C425DED69700329FEB /* StackView+extancion.swift in Sources */,
				01E7BEA3257E19E80058A9CE /* MapEventsViewController.swift in Sources */,
				011A2087256BA6F8008E456B /* WebViewController.swift in Sources */,
				0112857E256D6E2A00C9557A /* LocationManager.swift in Sources */,
				01978E0125559A3F00CA17FD /* CurrentArtist.swift in Sources */,
				01978DFF255599FD00CA17FD /* NetworkServices.swift in Sources */,
				0142FE9B25596B4E0041672E /* UIButton+extension.swift in Sources */,
				0142FE9725592EE70041672E /* FavoriteArtistViewController.swift in Sources */,
				01978DDF25558DB500CA17FD /* AppDelegate.swift in Sources */,
				010F96B0260108B60052C48E /* AutoserchTimer.swift in Sources */,
				01978DF9255595CD00CA17FD /* ArtistModel.swift in Sources */,
				0142FE9E255976AE0041672E /* EventModel.swift in Sources */,
				0142FE992559370A0041672E /* FavoriteCell.swift in Sources */,
				01F029B3259F85B8004AB24F /* SearchViewController.swift in Sources */,
				013D031E255AADB1005AE518 /* FavoriteArtists.swift in Sources */,
				012DF4E1255EE78F005D6D15 /* EventsViewController.swift in Sources */,
				01689D852563DF430054129D /* CustomTapGesture.swift in Sources */,
			);
			runOnlyForDeploymentPostprocessing = 0;
		};
/* End PBXSourcesBuildPhase section */

/* Begin PBXVariantGroup section */
		01978DE425558DB500CA17FD /* Main.storyboard */ = {
			isa = PBXVariantGroup;
			children = (
				01978DE525558DB500CA17FD /* Base */,
			);
			name = Main.storyboard;
			sourceTree = "<group>";
		};
		01978DE925558DB700CA17FD /* LaunchScreen.storyboard */ = {
			isa = PBXVariantGroup;
			children = (
				01978DEA25558DB700CA17FD /* Base */,
			);
			name = LaunchScreen.storyboard;
			sourceTree = "<group>";
		};
/* End PBXVariantGroup section */

/* Begin XCBuildConfiguration section */
		01978DED25558DB700CA17FD /* Debug */ = {
			isa = XCBuildConfiguration;
			buildSettings = {
				ALWAYS_SEARCH_USER_PATHS = NO;
				CLANG_ANALYZER_NONNULL = YES;
				CLANG_ANALYZER_NUMBER_OBJECT_CONVERSION = YES_AGGRESSIVE;
				CLANG_CXX_LANGUAGE_STANDARD = "gnu++14";
				CLANG_CXX_LIBRARY = "libc++";
				CLANG_ENABLE_MODULES = YES;
				CLANG_ENABLE_OBJC_ARC = YES;
				CLANG_ENABLE_OBJC_WEAK = YES;
				CLANG_WARN_BLOCK_CAPTURE_AUTORELEASING = YES;
				CLANG_WARN_BOOL_CONVERSION = YES;
				CLANG_WARN_COMMA = YES;
				CLANG_WARN_CONSTANT_CONVERSION = YES;
				CLANG_WARN_DEPRECATED_OBJC_IMPLEMENTATIONS = YES;
				CLANG_WARN_DIRECT_OBJC_ISA_USAGE = YES_ERROR;
				CLANG_WARN_DOCUMENTATION_COMMENTS = YES;
				CLANG_WARN_EMPTY_BODY = YES;
				CLANG_WARN_ENUM_CONVERSION = YES;
				CLANG_WARN_INFINITE_RECURSION = YES;
				CLANG_WARN_INT_CONVERSION = YES;
				CLANG_WARN_NON_LITERAL_NULL_CONVERSION = YES;
				CLANG_WARN_OBJC_IMPLICIT_RETAIN_SELF = YES;
				CLANG_WARN_OBJC_LITERAL_CONVERSION = YES;
				CLANG_WARN_OBJC_ROOT_CLASS = YES_ERROR;
				CLANG_WARN_RANGE_LOOP_ANALYSIS = YES;
				CLANG_WARN_STRICT_PROTOTYPES = YES;
				CLANG_WARN_SUSPICIOUS_MOVE = YES;
				CLANG_WARN_UNGUARDED_AVAILABILITY = YES_AGGRESSIVE;
				CLANG_WARN_UNREACHABLE_CODE = YES;
				CLANG_WARN__DUPLICATE_METHOD_MATCH = YES;
				COPY_PHASE_STRIP = NO;
				DEBUG_INFORMATION_FORMAT = dwarf;
				ENABLE_STRICT_OBJC_MSGSEND = YES;
				ENABLE_TESTABILITY = YES;
				GCC_C_LANGUAGE_STANDARD = gnu11;
				GCC_DYNAMIC_NO_PIC = NO;
				GCC_NO_COMMON_BLOCKS = YES;
				GCC_OPTIMIZATION_LEVEL = 0;
				GCC_PREPROCESSOR_DEFINITIONS = (
					"DEBUG=1",
					"$(inherited)",
				);
				GCC_WARN_64_TO_32_BIT_CONVERSION = YES;
				GCC_WARN_ABOUT_RETURN_TYPE = YES_ERROR;
				GCC_WARN_UNDECLARED_SELECTOR = YES;
				GCC_WARN_UNINITIALIZED_AUTOS = YES_AGGRESSIVE;
				GCC_WARN_UNUSED_FUNCTION = YES;
				GCC_WARN_UNUSED_VARIABLE = YES;
				IPHONEOS_DEPLOYMENT_TARGET = 13.2;
				MTL_ENABLE_DEBUG_INFO = INCLUDE_SOURCE;
				MTL_FAST_MATH = YES;
				ONLY_ACTIVE_ARCH = YES;
				SDKROOT = iphoneos;
				SWIFT_ACTIVE_COMPILATION_CONDITIONS = DEBUG;
				SWIFT_OPTIMIZATION_LEVEL = "-Onone";
			};
			name = Debug;
		};
		01978DEE25558DB700CA17FD /* Release */ = {
			isa = XCBuildConfiguration;
			buildSettings = {
				ALWAYS_SEARCH_USER_PATHS = NO;
				CLANG_ANALYZER_NONNULL = YES;
				CLANG_ANALYZER_NUMBER_OBJECT_CONVERSION = YES_AGGRESSIVE;
				CLANG_CXX_LANGUAGE_STANDARD = "gnu++14";
				CLANG_CXX_LIBRARY = "libc++";
				CLANG_ENABLE_MODULES = YES;
				CLANG_ENABLE_OBJC_ARC = YES;
				CLANG_ENABLE_OBJC_WEAK = YES;
				CLANG_WARN_BLOCK_CAPTURE_AUTORELEASING = YES;
				CLANG_WARN_BOOL_CONVERSION = YES;
				CLANG_WARN_COMMA = YES;
				CLANG_WARN_CONSTANT_CONVERSION = YES;
				CLANG_WARN_DEPRECATED_OBJC_IMPLEMENTATIONS = YES;
				CLANG_WARN_DIRECT_OBJC_ISA_USAGE = YES_ERROR;
				CLANG_WARN_DOCUMENTATION_COMMENTS = YES;
				CLANG_WARN_EMPTY_BODY = YES;
				CLANG_WARN_ENUM_CONVERSION = YES;
				CLANG_WARN_INFINITE_RECURSION = YES;
				CLANG_WARN_INT_CONVERSION = YES;
				CLANG_WARN_NON_LITERAL_NULL_CONVERSION = YES;
				CLANG_WARN_OBJC_IMPLICIT_RETAIN_SELF = YES;
				CLANG_WARN_OBJC_LITERAL_CONVERSION = YES;
				CLANG_WARN_OBJC_ROOT_CLASS = YES_ERROR;
				CLANG_WARN_RANGE_LOOP_ANALYSIS = YES;
				CLANG_WARN_STRICT_PROTOTYPES = YES;
				CLANG_WARN_SUSPICIOUS_MOVE = YES;
				CLANG_WARN_UNGUARDED_AVAILABILITY = YES_AGGRESSIVE;
				CLANG_WARN_UNREACHABLE_CODE = YES;
				CLANG_WARN__DUPLICATE_METHOD_MATCH = YES;
				COPY_PHASE_STRIP = NO;
				DEBUG_INFORMATION_FORMAT = "dwarf-with-dsym";
				ENABLE_NS_ASSERTIONS = NO;
				ENABLE_STRICT_OBJC_MSGSEND = YES;
				GCC_C_LANGUAGE_STANDARD = gnu11;
				GCC_NO_COMMON_BLOCKS = YES;
				GCC_WARN_64_TO_32_BIT_CONVERSION = YES;
				GCC_WARN_ABOUT_RETURN_TYPE = YES_ERROR;
				GCC_WARN_UNDECLARED_SELECTOR = YES;
				GCC_WARN_UNINITIALIZED_AUTOS = YES_AGGRESSIVE;
				GCC_WARN_UNUSED_FUNCTION = YES;
				GCC_WARN_UNUSED_VARIABLE = YES;
				IPHONEOS_DEPLOYMENT_TARGET = 13.2;
				MTL_ENABLE_DEBUG_INFO = NO;
				MTL_FAST_MATH = YES;
				SDKROOT = iphoneos;
				SWIFT_COMPILATION_MODE = wholemodule;
				SWIFT_OPTIMIZATION_LEVEL = "-O";
				VALIDATE_PRODUCT = YES;
			};
			name = Release;
		};
		01978DF025558DB700CA17FD /* Debug */ = {
			isa = XCBuildConfiguration;
			baseConfigurationReference = 91868C16F9BFCD5035C6A826 /* Pods-Artists.debug.xcconfig */;
			buildSettings = {
				ASSETCATALOG_COMPILER_APPICON_NAME = AppIcon;
				CODE_SIGN_STYLE = Automatic;
				DEVELOPMENT_TEAM = CFTJPS6ZYY;
				INFOPLIST_FILE = Artists/SupportingFiles/Info.plist;
				LD_RUNPATH_SEARCH_PATHS = (
					"$(inherited)",
					"@executable_path/Frameworks",
				);
				PRODUCT_BUNDLE_IDENTIFIER = test.Artists;
				PRODUCT_NAME = "$(TARGET_NAME)";
				SWIFT_VERSION = 5.0;
				TARGETED_DEVICE_FAMILY = 1;
			};
			name = Debug;
		};
		01978DF125558DB700CA17FD /* Release */ = {
			isa = XCBuildConfiguration;
			baseConfigurationReference = A799E4FBA39A0BF87FEBC798 /* Pods-Artists.release.xcconfig */;
			buildSettings = {
				ASSETCATALOG_COMPILER_APPICON_NAME = AppIcon;
				CODE_SIGN_STYLE = Automatic;
				DEVELOPMENT_TEAM = CFTJPS6ZYY;
				INFOPLIST_FILE = Artists/SupportingFiles/Info.plist;
				LD_RUNPATH_SEARCH_PATHS = (
					"$(inherited)",
					"@executable_path/Frameworks",
				);
				PRODUCT_BUNDLE_IDENTIFIER = test.Artists;
				PRODUCT_NAME = "$(TARGET_NAME)";
				SWIFT_VERSION = 5.0;
				TARGETED_DEVICE_FAMILY = 1;
			};
			name = Release;
		};
/* End XCBuildConfiguration section */

/* Begin XCConfigurationList section */
		01978DD625558DB500CA17FD /* Build configuration list for PBXProject "Artists" */ = {
			isa = XCConfigurationList;
			buildConfigurations = (
				01978DED25558DB700CA17FD /* Debug */,
				01978DEE25558DB700CA17FD /* Release */,
			);
			defaultConfigurationIsVisible = 0;
			defaultConfigurationName = Release;
		};
		01978DEF25558DB700CA17FD /* Build configuration list for PBXNativeTarget "Artists" */ = {
			isa = XCConfigurationList;
			buildConfigurations = (
				01978DF025558DB700CA17FD /* Debug */,
				01978DF125558DB700CA17FD /* Release */,
			);
			defaultConfigurationIsVisible = 0;
			defaultConfigurationName = Release;
		};
/* End XCConfigurationList section */
	};
	rootObject = 01978DD325558DB500CA17FD /* Project object */;
}
